
Microsoft Visual Studio Solution File, Format Version 12.00
# Visual Studio Version 17
VisualStudioVersion = 17.12.35707.178
MinimumVisualStudioVersion = 10.0.40219.1
Project("{2150E333-8FDC-42A3-9474-1A3956D46DE8}") = "samples", "samples", "{F363B75A-B775-49AA-8358-5226E0A26DD0}"
EndProject
Project("{2150E333-8FDC-42A3-9474-1A3956D46DE8}") = "src", "src", "{2885DFF9-64EC-425E-B318-7B9C3ECC40F1}"
EndProject
Project("{FAE04EC0-301F-11D3-BF4B-00C04F79EFBC}") = "TensorTorch", "src\TensorTorch\TensorTorch.csproj", "{1156F656-DD23-463D-8656-B6B99AFF9A22}"
EndProject
Global
	GlobalSection(SolutionConfigurationPlatforms) = preSolution
		Debug|Any CPU = Debug|Any CPU
		Release|Any CPU = Release|Any CPU
	EndGlobalSection
	GlobalSection(ProjectConfigurationPlatforms) = postSolution
		{1156F656-DD23-463D-8656-B6B99AFF9A22}.Debug|Any CPU.ActiveCfg = Debug|Any CPU
		{1156F656-DD23-463D-8656-B6B99AFF9A22}.Debug|Any CPU.Build.0 = Debug|Any CPU
		{1156F656-DD23-463D-8656-B6B99AFF9A22}.Release|Any CPU.ActiveCfg = Release|Any CPU
		{1156F656-DD23-463D-8656-B6B99AFF9A22}.Release|Any CPU.Build.0 = Release|Any CPU
	EndGlobalSection
	GlobalSection(SolutionProperties) = preSolution
		HideSolutionNode = FALSE
	EndGlobalSection
	GlobalSection(NestedProjects) = preSolution
		{1156F656-DD23-463D-8656-B6B99AFF9A22} = {2885DFF9-64EC-425E-B318-7B9C3ECC40F1}
	EndGlobalSection
EndGlobal
